
Microsoft Visual Studio Solution File, Format Version 12.00
# Visual Studio 2012
Project("{FAE04EC0-301F-11D3-BF4B-00C04F79EFBC}") = "ValidationExample", "ValidationExample\ValidationExample.csproj", "{5F500AD9-9B16-4658-80DE-C383B5C63482}"
EndProject
Global
	GlobalSection(SolutionConfigurationPlatforms) = preSolution
		Debug|Any CPU = Debug|Any CPU
		Release|Any CPU = Release|Any CPU
	EndGlobalSection
	GlobalSection(ProjectConfigurationPlatforms) = postSolution
		{5F500AD9-9B16-4658-80DE-C383B5C63482}.Debug|Any CPU.ActiveCfg = Debug|Any CPU
		{5F500AD9-9B16-4658-80DE-C383B5C63482}.Debug|Any CPU.Build.0 = Debug|Any CPU
		{5F500AD9-9B16-4658-80DE-C383B5C63482}.Release|Any CPU.ActiveCfg = Release|Any CPU
		{5F500AD9-9B16-4658-80DE-C383B5C63482}.Release|Any CPU.Build.0 = Release|Any CPU
	EndGlobalSection
	GlobalSection(SolutionProperties) = preSolution
		HideSolutionNode = FALSE
	EndGlobalSection
EndGlobal
